
Microsoft Visual Studio Solution File, Format Version 12.00
# Visual Studio Version 16
VisualStudioVersion = 16.0.34301.259
MinimumVisualStudioVersion = 10.0.40219.1
Project("{FAE04EC0-301F-11D3-BF4B-00C04F79EFBC}") = "Repaso_2do_bloque_MJ", "Repaso_2do_bloque_MJ.csproj", "{A41BA3E4-4A77-47F3-BF78-616F98875DB1}"
EndProject
Global
	GlobalSection(SolutionConfigurationPlatforms) = preSolution
		Debug|Any CPU = Debug|Any CPU
		Release|Any CPU = Release|Any CPU
	EndGlobalSection
	GlobalSection(ProjectConfigurationPlatforms) = postSolution
		{A41BA3E4-4A77-47F3-BF78-616F98875DB1}.Debug|Any CPU.ActiveCfg = Debug|Any CPU
		{A41BA3E4-4A77-47F3-BF78-616F98875DB1}.Debug|Any CPU.Build.0 = Debug|Any CPU
		{A41BA3E4-4A77-47F3-BF78-616F98875DB1}.Release|Any CPU.ActiveCfg = Release|Any CPU
		{A41BA3E4-4A77-47F3-BF78-616F98875DB1}.Release|Any CPU.Build.0 = Release|Any CPU
	EndGlobalSection
	GlobalSection(SolutionProperties) = preSolution
		HideSolutionNode = FALSE
	EndGlobalSection
	GlobalSection(ExtensibilityGlobals) = postSolution
		SolutionGuid = {C02429E6-68A4-451C-AA9B-D5AB0E51F3AE}
	EndGlobalSection
EndGlobal
